{
    "_readme": [
        "This file locks the dependencies of your project to a known state",
        "Read more about it at https://getcomposer.org/doc/01-basic-usage.md#installing-dependencies",
        "This file is @generated automatically"
    ],
    "content-hash": "6110c6cf446a6cb6c83cc3cef0e6962c",
    "packages": [
        {
            "name": "pocketmine/log",
            "version": "0.4.0",
            "source": {
                "type": "git",
                "url": "https://github.com/pmmp/Log.git",
                "reference": "e6c912c0f9055c81d23108ec2d179b96f404c043"
            },
            "dist": {
                "type": "zip",
                "url": "https://api.github.com/repos/pmmp/Log/zipball/e6c912c0f9055c81d23108ec2d179b96f404c043",
                "reference": "e6c912c0f9055c81d23108ec2d179b96f404c043",
                "shasum": ""
            },
            "require": {
                "php": "^7.4 || ^8.0"
            },
            "conflict": {
                "pocketmine/spl": "<0.4"
            },
            "require-dev": {
                "phpstan/phpstan": "0.12.88",
                "phpstan/phpstan-strict-rules": "^0.12.2"
            },
            "type": "library",
            "autoload": {
                "classmap": [
                    "./src"
                ]
            },
            "notification-url": "https://packagist.org/downloads/",
            "license": [
                "LGPL-3.0"
            ],
            "description": "Logging components used by PocketMine-MP and related projects",
            "support": {
                "issues": "https://github.com/pmmp/Log/issues",
                "source": "https://github.com/pmmp/Log/tree/0.4.0"
            },
            "time": "2021-06-18T19:08:09+00:00"
        }
    ],
    "packages-dev": [],
    "aliases": [],
    "minimum-stability": "stable",
    "stability-flags": [],
    "prefer-stable": false,
    "prefer-lowest": false,
    "platform": {
        "ext-igbinary": "*",
        "ext-sockets": "*"
    },
    "platform-dev": [],
    "plugin-api-version": "2.3.0"
}
